// !$*UTF8*$!
{
	archiveVersion = 1;
	classes = {
	};
	objectVersion = 50;
	objects = {

/* Begin PBXBuildFile section */
		B6A00EE423637433005D7C9B /* AppDelegate.swift in Sources */ = {isa = PBXBuildFile; fileRef = B6A00EE323637433005D7C9B /* AppDelegate.swift */; };
		B6A00EE623637433005D7C9B /* SceneDelegate.swift in Sources */ = {isa = PBXBuildFile; fileRef = B6A00EE523637433005D7C9B /* SceneDelegate.swift */; };
		B6A00EEB23637433005D7C9B /* Main.storyboard in Resources */ = {isa = PBXBuildFile; fileRef = B6A00EE923637433005D7C9B /* Main.storyboard */; };
		B6A00EED23637435005D7C9B /* Assets.xcassets in Resources */ = {isa = PBXBuildFile; fileRef = B6A00EEC23637435005D7C9B /* Assets.xcassets */; };
		B6A00EF023637435005D7C9B /* LaunchScreen.storyboard in Resources */ = {isa = PBXBuildFile; fileRef = B6A00EEE23637435005D7C9B /* LaunchScreen.storyboard */; };
		B6A00EFB23637435005D7C9B /* WeatherAppTests.swift in Sources */ = {isa = PBXBuildFile; fileRef = B6A00EFA23637435005D7C9B /* WeatherAppTests.swift */; };
		B6A00F822364E083005D7C9B /* CoreLocation.framework in Frameworks */ = {isa = PBXBuildFile; fileRef = B6A00F812364E083005D7C9B /* CoreLocation.framework */; };
		B6A00F852364E10F005D7C9B /* Constants.swift in Sources */ = {isa = PBXBuildFile; fileRef = B6A00F842364E10F005D7C9B /* Constants.swift */; };
		B6A00F862364E10F005D7C9B /* Constants.swift in Sources */ = {isa = PBXBuildFile; fileRef = B6A00F842364E10F005D7C9B /* Constants.swift */; };
		B6A00F872364E10F005D7C9B /* Constants.swift in Sources */ = {isa = PBXBuildFile; fileRef = B6A00F842364E10F005D7C9B /* Constants.swift */; };
		B6A00FBF23657604005D7C9B /* WeatherCitySearchViewController.swift in Sources */ = {isa = PBXBuildFile; fileRef = B6A00FBE23657604005D7C9B /* WeatherCitySearchViewController.swift */; };
		B6A00FC423657790005D7C9B /* Animator.swift in Sources */ = {isa = PBXBuildFile; fileRef = B6A00FC323657790005D7C9B /* Animator.swift */; };
		B6A00FC62365779A005D7C9B /* UIView+Ext.swift in Sources */ = {isa = PBXBuildFile; fileRef = B6A00FC52365779A005D7C9B /* UIView+Ext.swift */; };
		B6A00FC8236577F7005D7C9B /* WeatherDataModel.swift in Sources */ = {isa = PBXBuildFile; fileRef = B6A00FC7236577F7005D7C9B /* WeatherDataModel.swift */; };
		B6A00FCB23671642005D7C9B /* Main.storyboard in Resources */ = {isa = PBXBuildFile; fileRef = B6A00EE923637433005D7C9B /* Main.storyboard */; };
		B6A00FCC23671644005D7C9B /* Main.storyboard in Resources */ = {isa = PBXBuildFile; fileRef = B6A00EE923637433005D7C9B /* Main.storyboard */; };
		B6A00FEC2369E89A005D7C9B /* RestApiPerformanceTest.swift in Sources */ = {isa = PBXBuildFile; fileRef = B6A00FEB2369E89A005D7C9B /* RestApiPerformanceTest.swift */; };
		B6A00FF2236AC348005D7C9B /* Reachability.swift in Sources */ = {isa = PBXBuildFile; fileRef = B6A00FF1236AC348005D7C9B /* Reachability.swift */; };
		B6A00FF3236AC348005D7C9B /* Reachability.swift in Sources */ = {isa = PBXBuildFile; fileRef = B6A00FF1236AC348005D7C9B /* Reachability.swift */; };
		B6A00FF4236AC348005D7C9B /* Reachability.swift in Sources */ = {isa = PBXBuildFile; fileRef = B6A00FF1236AC348005D7C9B /* Reachability.swift */; };
		B6A01015236B100D005D7C9B /* WeatherViewModel.swift in Sources */ = {isa = PBXBuildFile; fileRef = B6A01014236B100D005D7C9B /* WeatherViewModel.swift */; };
		B6A01016236B100D005D7C9B /* WeatherViewModel.swift in Sources */ = {isa = PBXBuildFile; fileRef = B6A01014236B100D005D7C9B /* WeatherViewModel.swift */; };
		B6A01017236B100D005D7C9B /* WeatherViewModel.swift in Sources */ = {isa = PBXBuildFile; fileRef = B6A01014236B100D005D7C9B /* WeatherViewModel.swift */; };
		B6A0101A236C1260005D7C9B /* RestAPI.swift in Sources */ = {isa = PBXBuildFile; fileRef = B6A01019236C1260005D7C9B /* RestAPI.swift */; };
		B6A0101B236C1260005D7C9B /* RestAPI.swift in Sources */ = {isa = PBXBuildFile; fileRef = B6A01019236C1260005D7C9B /* RestAPI.swift */; };
		B6A0101C236C1260005D7C9B /* RestAPI.swift in Sources */ = {isa = PBXBuildFile; fileRef = B6A01019236C1260005D7C9B /* RestAPI.swift */; };
		B6A01023236C5530005D7C9B /* WeatherCitySearchViewControllerTest.swift in Sources */ = {isa = PBXBuildFile; fileRef = B6A01022236C5530005D7C9B /* WeatherCitySearchViewControllerTest.swift */; };
/* End PBXBuildFile section */

/* Begin PBXContainerItemProxy section */
		B6A00EF723637435005D7C9B /* PBXContainerItemProxy */ = {
			isa = PBXContainerItemProxy;
			containerPortal = B6A00ED823637433005D7C9B /* Project object */;
			proxyType = 1;
			remoteGlobalIDString = B6A00EDF23637433005D7C9B;
			remoteInfo = WeatherApp;
		};
		B6A00F0223637435005D7C9B /* PBXContainerItemProxy */ = {
			isa = PBXContainerItemProxy;
			containerPortal = B6A00ED823637433005D7C9B /* Project object */;
			proxyType = 1;
			remoteGlobalIDString = B6A00EDF23637433005D7C9B;
			remoteInfo = WeatherApp;
		};
/* End PBXContainerItemProxy section */

/* Begin PBXFileReference section */
		B6A00EE023637433005D7C9B /* WeatherApp.app */ = {isa = PBXFileReference; explicitFileType = wrapper.application; includeInIndex = 0; path = WeatherApp.app; sourceTree = BUILT_PRODUCTS_DIR; };
		B6A00EE323637433005D7C9B /* AppDelegate.swift */ = {isa = PBXFileReference; lastKnownFileType = sourcecode.swift; path = AppDelegate.swift; sourceTree = "<group>"; };
		B6A00EE523637433005D7C9B /* SceneDelegate.swift */ = {isa = PBXFileReference; lastKnownFileType = sourcecode.swift; path = SceneDelegate.swift; sourceTree = "<group>"; };
		B6A00EEA23637433005D7C9B /* Base */ = {isa = PBXFileReference; lastKnownFileType = file.storyboard; name = Base; path = Base.lproj/Main.storyboard; sourceTree = "<group>"; };
		B6A00EEC23637435005D7C9B /* Assets.xcassets */ = {isa = PBXFileReference; lastKnownFileType = folder.assetcatalog; path = Assets.xcassets; sourceTree = "<group>"; };
		B6A00EEF23637435005D7C9B /* Base */ = {isa = PBXFileReference; lastKnownFileType = file.storyboard; name = Base; path = Base.lproj/LaunchScreen.storyboard; sourceTree = "<group>"; };
		B6A00EF123637435005D7C9B /* Info.plist */ = {isa = PBXFileReference; lastKnownFileType = text.plist.xml; path = Info.plist; sourceTree = "<group>"; };
		B6A00EF623637435005D7C9B /* WeatherAppTests.xctest */ = {isa = PBXFileReference; explicitFileType = wrapper.cfbundle; includeInIndex = 0; path = WeatherAppTests.xctest; sourceTree = BUILT_PRODUCTS_DIR; };
		B6A00EFA23637435005D7C9B /* WeatherAppTests.swift */ = {isa = PBXFileReference; lastKnownFileType = sourcecode.swift; path = WeatherAppTests.swift; sourceTree = "<group>"; };
		B6A00EFC23637435005D7C9B /* Info.plist */ = {isa = PBXFileReference; lastKnownFileType = text.plist.xml; path = Info.plist; sourceTree = "<group>"; };
		B6A00F0123637435005D7C9B /* WeatherAppUITests.xctest */ = {isa = PBXFileReference; explicitFileType = wrapper.cfbundle; includeInIndex = 0; path = WeatherAppUITests.xctest; sourceTree = BUILT_PRODUCTS_DIR; };
		B6A00F0723637435005D7C9B /* Info.plist */ = {isa = PBXFileReference; lastKnownFileType = text.plist.xml; path = Info.plist; sourceTree = "<group>"; };
		B6A00F33236391E2005D7C9B /* JGProgressHUD.framework */ = {isa = PBXFileReference; explicitFileType = wrapper.framework; path = JGProgressHUD.framework; sourceTree = BUILT_PRODUCTS_DIR; };
		B6A00F812364E083005D7C9B /* CoreLocation.framework */ = {isa = PBXFileReference; lastKnownFileType = wrapper.framework; name = CoreLocation.framework; path = System/Library/Frameworks/CoreLocation.framework; sourceTree = SDKROOT; };
		B6A00F842364E10F005D7C9B /* Constants.swift */ = {isa = PBXFileReference; lastKnownFileType = sourcecode.swift; path = Constants.swift; sourceTree = "<group>"; };
		B6A00FBE23657604005D7C9B /* WeatherCitySearchViewController.swift */ = {isa = PBXFileReference; lastKnownFileType = sourcecode.swift; path = WeatherCitySearchViewController.swift; sourceTree = "<group>"; };
		B6A00FC323657790005D7C9B /* Animator.swift */ = {isa = PBXFileReference; fileEncoding = 4; lastKnownFileType = sourcecode.swift; path = Animator.swift; sourceTree = "<group>"; };
		B6A00FC52365779A005D7C9B /* UIView+Ext.swift */ = {isa = PBXFileReference; fileEncoding = 4; lastKnownFileType = sourcecode.swift; path = "UIView+Ext.swift"; sourceTree = "<group>"; };
		B6A00FC7236577F7005D7C9B /* WeatherDataModel.swift */ = {isa = PBXFileReference; fileEncoding = 4; lastKnownFileType = sourcecode.swift; path = WeatherDataModel.swift; sourceTree = "<group>"; };
		B6A00FEB2369E89A005D7C9B /* RestApiPerformanceTest.swift */ = {isa = PBXFileReference; lastKnownFileType = sourcecode.swift; path = RestApiPerformanceTest.swift; sourceTree = "<group>"; };
		B6A00FF1236AC348005D7C9B /* Reachability.swift */ = {isa = PBXFileReference; fileEncoding = 4; lastKnownFileType = sourcecode.swift; path = Reachability.swift; sourceTree = "<group>"; };
		B6A01014236B100D005D7C9B /* WeatherViewModel.swift */ = {isa = PBXFileReference; lastKnownFileType = sourcecode.swift; path = WeatherViewModel.swift; sourceTree = "<group>"; };
		B6A01019236C1260005D7C9B /* RestAPI.swift */ = {isa = PBXFileReference; fileEncoding = 4; lastKnownFileType = sourcecode.swift; path = RestAPI.swift; sourceTree = "<group>"; };
		B6A0101D236C42C3005D7C9B /* WeatherApp.xctestplan */ = {isa = PBXFileReference; lastKnownFileType = text; path = WeatherApp.xctestplan; sourceTree = "<group>"; };
		B6A01022236C5530005D7C9B /* WeatherCitySearchViewControllerTest.swift */ = {isa = PBXFileReference; lastKnownFileType = sourcecode.swift; path = WeatherCitySearchViewControllerTest.swift; sourceTree = "<group>"; };
		B6A01024236C78D8005D7C9B /* README.md */ = {isa = PBXFileReference; lastKnownFileType = net.daringfireball.markdown; path = README.md; sourceTree = "<group>"; };
/* End PBXFileReference section */

/* Begin PBXFrameworksBuildPhase section */
		B6A00EDD23637433005D7C9B /* Frameworks */ = {
			isa = PBXFrameworksBuildPhase;
			buildActionMask = 2147483647;
			files = (
				B6A00F822364E083005D7C9B /* CoreLocation.framework in Frameworks */,
			);
			runOnlyForDeploymentPostprocessing = 0;
		};
		B6A00EF323637435005D7C9B /* Frameworks */ = {
			isa = PBXFrameworksBuildPhase;
			buildActionMask = 2147483647;
			files = (
			);
			runOnlyForDeploymentPostprocessing = 0;
		};
		B6A00EFE23637435005D7C9B /* Frameworks */ = {
			isa = PBXFrameworksBuildPhase;
			buildActionMask = 2147483647;
			files = (
			);
			runOnlyForDeploymentPostprocessing = 0;
		};
/* End PBXFrameworksBuildPhase section */

/* Begin PBXGroup section */
		B6A00ED723637433005D7C9B = {
			isa = PBXGroup;
			children = (
				B6A01024236C78D8005D7C9B /* README.md */,
				B6A00EE223637433005D7C9B /* WeatherApp */,
				B6A00EF923637435005D7C9B /* WeatherAppTests */,
				B6A00FEA2369E84B005D7C9B /* WeatherAppPerformanceTest */,
				B6A00F0423637435005D7C9B /* WeatherAppUITests */,
				B6A00EE123637433005D7C9B /* Products */,
				B6A00F32236391E2005D7C9B /* Frameworks */,
			);
			sourceTree = "<group>";
		};
		B6A00EE123637433005D7C9B /* Products */ = {
			isa = PBXGroup;
			children = (
				B6A00EE023637433005D7C9B /* WeatherApp.app */,
				B6A00EF623637435005D7C9B /* WeatherAppTests.xctest */,
				B6A00F0123637435005D7C9B /* WeatherAppUITests.xctest */,
			);
			name = Products;
			sourceTree = "<group>";
		};
		B6A00EE223637433005D7C9B /* WeatherApp */ = {
			isa = PBXGroup;
			children = (
				B6A01013236B0FF4005D7C9B /* ViewModel */,
				B6A00FF0236AC332005D7C9B /* Utilities */,
				B6A00FC02365776F005D7C9B /* Extension */,
				B6A00F832364E0CD005D7C9B /* App */,
				B6A00F192363752B005D7C9B /* Services */,
				B6A00F17236374D3005D7C9B /* Model */,
				B6A00F152363748E005D7C9B /* AppDelegate */,
				B6A00F142363746F005D7C9B /* MainUI */,
				B6A00F1323637454005D7C9B /* ViewController  */,
				B6A00EEC23637435005D7C9B /* Assets.xcassets */,
				B6A00EEE23637435005D7C9B /* LaunchScreen.storyboard */,
				B6A00EF123637435005D7C9B /* Info.plist */,
			);
			path = WeatherApp;
			sourceTree = "<group>";
		};
		B6A00EF923637435005D7C9B /* WeatherAppTests */ = {
			isa = PBXGroup;
			children = (
				B6A0101D236C42C3005D7C9B /* WeatherApp.xctestplan */,
				B6A00EFA23637435005D7C9B /* WeatherAppTests.swift */,
				B6A00EFC23637435005D7C9B /* Info.plist */,
			);
			path = WeatherAppTests;
			sourceTree = "<group>";
		};
		B6A00F0423637435005D7C9B /* WeatherAppUITests */ = {
			isa = PBXGroup;
			children = (
				B6A00F0723637435005D7C9B /* Info.plist */,
				B6A01022236C5530005D7C9B /* WeatherCitySearchViewControllerTest.swift */,
			);
			path = WeatherAppUITests;
			sourceTree = "<group>";
		};
		B6A00F1323637454005D7C9B /* ViewController  */ = {
			isa = PBXGroup;
			children = (
				B6A00FBE23657604005D7C9B /* WeatherCitySearchViewController.swift */,
			);
			path = "ViewController ";
			sourceTree = "<group>";
		};
		B6A00F142363746F005D7C9B /* MainUI */ = {
			isa = PBXGroup;
			children = (
				B6A00EE923637433005D7C9B /* Main.storyboard */,
			);
			path = MainUI;
			sourceTree = "<group>";
		};
		B6A00F152363748E005D7C9B /* AppDelegate */ = {
			isa = PBXGroup;
			children = (
				B6A00EE523637433005D7C9B /* SceneDelegate.swift */,
				B6A00EE323637433005D7C9B /* AppDelegate.swift */,
			);
			path = AppDelegate;
			sourceTree = "<group>";
		};
		B6A00F17236374D3005D7C9B /* Model */ = {
			isa = PBXGroup;
			children = (
				B6A00FC7236577F7005D7C9B /* WeatherDataModel.swift */,
			);
			path = Model;
			sourceTree = "<group>";
		};
		B6A00F192363752B005D7C9B /* Services */ = {
			isa = PBXGroup;
			children = (
				B6A01019236C1260005D7C9B /* RestAPI.swift */,
			);
			path = Services;
			sourceTree = "<group>";
		};
		B6A00F32236391E2005D7C9B /* Frameworks */ = {
			isa = PBXGroup;
			children = (
				B6A00F812364E083005D7C9B /* CoreLocation.framework */,
				B6A00F33236391E2005D7C9B /* JGProgressHUD.framework */,
			);
			name = Frameworks;
			sourceTree = "<group>";
		};
		B6A00F832364E0CD005D7C9B /* App */ = {
			isa = PBXGroup;
			children = (
				B6A00F842364E10F005D7C9B /* Constants.swift */,
			);
			path = App;
			sourceTree = "<group>";
		};
		B6A00FC02365776F005D7C9B /* Extension */ = {
			isa = PBXGroup;
			children = (
				B6A00FC52365779A005D7C9B /* UIView+Ext.swift */,
				B6A00FC323657790005D7C9B /* Animator.swift */,
			);
			path = Extension;
			sourceTree = "<group>";
		};
		B6A00FEA2369E84B005D7C9B /* WeatherAppPerformanceTest */ = {
			isa = PBXGroup;
			children = (
				B6A00FEB2369E89A005D7C9B /* RestApiPerformanceTest.swift */,
			);
			path = WeatherAppPerformanceTest;
			sourceTree = "<group>";
		};
		B6A00FF0236AC332005D7C9B /* Utilities */ = {
			isa = PBXGroup;
			children = (
				B6A00FF1236AC348005D7C9B /* Reachability.swift */,
			);
			path = Utilities;
			sourceTree = "<group>";
		};
		B6A01013236B0FF4005D7C9B /* ViewModel */ = {
			isa = PBXGroup;
			children = (
				B6A01014236B100D005D7C9B /* WeatherViewModel.swift */,
			);
			path = ViewModel;
			sourceTree = "<group>";
		};
/* End PBXGroup section */

/* Begin PBXNativeTarget section */
		B6A00EDF23637433005D7C9B /* WeatherApp */ = {
			isa = PBXNativeTarget;
			buildConfigurationList = B6A00F0A23637435005D7C9B /* Build configuration list for PBXNativeTarget "WeatherApp" */;
			buildPhases = (
				B6A00EDC23637433005D7C9B /* Sources */,
				B6A00EDD23637433005D7C9B /* Frameworks */,
				B6A00EDE23637433005D7C9B /* Resources */,
			);
			buildRules = (
			);
			dependencies = (
			);
			name = WeatherApp;
			productName = WeatherApp;
			productReference = B6A00EE023637433005D7C9B /* WeatherApp.app */;
			productType = "com.apple.product-type.application";
		};
		B6A00EF523637435005D7C9B /* WeatherAppTests */ = {
			isa = PBXNativeTarget;
			buildConfigurationList = B6A00F0D23637435005D7C9B /* Build configuration list for PBXNativeTarget "WeatherAppTests" */;
			buildPhases = (
				B6A00EF223637435005D7C9B /* Sources */,
				B6A00EF323637435005D7C9B /* Frameworks */,
				B6A00EF423637435005D7C9B /* Resources */,
			);
			buildRules = (
			);
			dependencies = (
				B6A00EF823637435005D7C9B /* PBXTargetDependency */,
			);
			name = WeatherAppTests;
			productName = WeatherAppTests;
			productReference = B6A00EF623637435005D7C9B /* WeatherAppTests.xctest */;
			productType = "com.apple.product-type.bundle.unit-test";
		};
		B6A00F0023637435005D7C9B /* WeatherAppUITests */ = {
			isa = PBXNativeTarget;
			buildConfigurationList = B6A00F1023637435005D7C9B /* Build configuration list for PBXNativeTarget "WeatherAppUITests" */;
			buildPhases = (
				B6A00EFD23637435005D7C9B /* Sources */,
				B6A00EFE23637435005D7C9B /* Frameworks */,
				B6A00EFF23637435005D7C9B /* Resources */,
			);
			buildRules = (
			);
			dependencies = (
				B6A00F0323637435005D7C9B /* PBXTargetDependency */,
			);
			name = WeatherAppUITests;
			productName = WeatherAppUITests;
			productReference = B6A00F0123637435005D7C9B /* WeatherAppUITests.xctest */;
			productType = "com.apple.product-type.bundle.ui-testing";
		};
/* End PBXNativeTarget section */

/* Begin PBXProject section */
		B6A00ED823637433005D7C9B /* Project object */ = {
			isa = PBXProject;
			attributes = {
				LastSwiftUpdateCheck = 1100;
				LastUpgradeCheck = 1100;
				ORGANIZATIONNAME = "Ali Youness";
				TargetAttributes = {
					B6A00EDF23637433005D7C9B = {
						CreatedOnToolsVersion = 11.0;
					};
					B6A00EF523637435005D7C9B = {
						CreatedOnToolsVersion = 11.0;
						TestTargetID = B6A00EDF23637433005D7C9B;
					};
					B6A00F0023637435005D7C9B = {
						CreatedOnToolsVersion = 11.0;
						TestTargetID = B6A00EDF23637433005D7C9B;
					};
				};
			};
			buildConfigurationList = B6A00EDB23637433005D7C9B /* Build configuration list for PBXProject "WeatherApp" */;
			compatibilityVersion = "Xcode 9.3";
			developmentRegion = en;
			hasScannedForEncodings = 0;
			knownRegions = (
				en,
				Base,
			);
			mainGroup = B6A00ED723637433005D7C9B;
			productRefGroup = B6A00EE123637433005D7C9B /* Products */;
			projectDirPath = "";
			projectRoot = "";
			targets = (
				B6A00EDF23637433005D7C9B /* WeatherApp */,
				B6A00EF523637435005D7C9B /* WeatherAppTests */,
				B6A00F0023637435005D7C9B /* WeatherAppUITests */,
			);
		};
/* End PBXProject section */

/* Begin PBXResourcesBuildPhase section */
		B6A00EDE23637433005D7C9B /* Resources */ = {
			isa = PBXResourcesBuildPhase;
			buildActionMask = 2147483647;
			files = (
				B6A00EF023637435005D7C9B /* LaunchScreen.storyboard in Resources */,
				B6A00EED23637435005D7C9B /* Assets.xcassets in Resources */,
				B6A00EEB23637433005D7C9B /* Main.storyboard in Resources */,
			);
			runOnlyForDeploymentPostprocessing = 0;
		};
		B6A00EF423637435005D7C9B /* Resources */ = {
			isa = PBXResourcesBuildPhase;
			buildActionMask = 2147483647;
			files = (
				B6A00FCC23671644005D7C9B /* Main.storyboard in Resources */,
			);
			runOnlyForDeploymentPostprocessing = 0;
		};
		B6A00EFF23637435005D7C9B /* Resources */ = {
			isa = PBXResourcesBuildPhase;
			buildActionMask = 2147483647;
			files = (
				B6A00FCB23671642005D7C9B /* Main.storyboard in Resources */,
			);
			runOnlyForDeploymentPostprocessing = 0;
		};
/* End PBXResourcesBuildPhase section */

/* Begin PBXSourcesBuildPhase section */
		B6A00EDC23637433005D7C9B /* Sources */ = {
			isa = PBXSourcesBuildPhase;
			buildActionMask = 2147483647;
			files = (
				B6A00FC423657790005D7C9B /* Animator.swift in Sources */,
				B6A0101A236C1260005D7C9B /* RestAPI.swift in Sources */,
				B6A00FF2236AC348005D7C9B /* Reachability.swift in Sources */,
				B6A00FBF23657604005D7C9B /* WeatherCitySearchViewController.swift in Sources */,
				B6A00FC8236577F7005D7C9B /* WeatherDataModel.swift in Sources */,
				B6A00EE423637433005D7C9B /* AppDelegate.swift in Sources */,
				B6A01015236B100D005D7C9B /* WeatherViewModel.swift in Sources */,
				B6A00FC62365779A005D7C9B /* UIView+Ext.swift in Sources */,
				B6A00EE623637433005D7C9B /* SceneDelegate.swift in Sources */,
				B6A00F852364E10F005D7C9B /* Constants.swift in Sources */,
			);
			runOnlyForDeploymentPostprocessing = 0;
		};
		B6A00EF223637435005D7C9B /* Sources */ = {
			isa = PBXSourcesBuildPhase;
			buildActionMask = 2147483647;
			files = (
				B6A01016236B100D005D7C9B /* WeatherViewModel.swift in Sources */,
				B6A0101B236C1260005D7C9B /* RestAPI.swift in Sources */,
				B6A00EFB23637435005D7C9B /* WeatherAppTests.swift in Sources */,
				B6A00FEC2369E89A005D7C9B /* RestApiPerformanceTest.swift in Sources */,
				B6A00FF3236AC348005D7C9B /* Reachability.swift in Sources */,
				B6A00F862364E10F005D7C9B /* Constants.swift in Sources */,
			);
			runOnlyForDeploymentPostprocessing = 0;
		};
		B6A00EFD23637435005D7C9B /* Sources */ = {
			isa = PBXSourcesBuildPhase;
			buildActionMask = 2147483647;
			files = (
				B6A01023236C5530005D7C9B /* WeatherCitySearchViewControllerTest.swift in Sources */,
				B6A0101C236C1260005D7C9B /* RestAPI.swift in Sources */,
				B6A01017236B100D005D7C9B /* WeatherViewModel.swift in Sources */,
				B6A00F872364E10F005D7C9B /* Constants.swift in Sources */,
				B6A00FF4236AC348005D7C9B /* Reachability.swift in Sources */,
			);
			runOnlyForDeploymentPostprocessing = 0;
		};
/* End PBXSourcesBuildPhase section */

/* Begin PBXTargetDependency section */
		B6A00EF823637435005D7C9B /* PBXTargetDependency */ = {
			isa = PBXTargetDependency;
			target = B6A00EDF23637433005D7C9B /* WeatherApp */;
			targetProxy = B6A00EF723637435005D7C9B /* PBXContainerItemProxy */;
		};
		B6A00F0323637435005D7C9B /* PBXTargetDependency */ = {
			isa = PBXTargetDependency;
			target = B6A00EDF23637433005D7C9B /* WeatherApp */;
			targetProxy = B6A00F0223637435005D7C9B /* PBXContainerItemProxy */;
		};
/* End PBXTargetDependency section */

/* Begin PBXVariantGroup section */
		B6A00EE923637433005D7C9B /* Main.storyboard */ = {
			isa = PBXVariantGroup;
			children = (
				B6A00EEA23637433005D7C9B /* Base */,
			);
			name = Main.storyboard;
			sourceTree = "<group>";
		};
		B6A00EEE23637435005D7C9B /* LaunchScreen.storyboard */ = {
			isa = PBXVariantGroup;
			children = (
				B6A00EEF23637435005D7C9B /* Base */,
			);
			name = LaunchScreen.storyboard;
			sourceTree = "<group>";
		};
/* End PBXVariantGroup section */

/* Begin XCBuildConfiguration section */
		B6A00F0823637435005D7C9B /* Debug */ = {
			isa = XCBuildConfiguration;
			buildSettings = {
				ALWAYS_SEARCH_USER_PATHS = NO;
				CLANG_ANALYZER_NONNULL = YES;
				CLANG_ANALYZER_NUMBER_OBJECT_CONVERSION = YES_AGGRESSIVE;
				CLANG_CXX_LANGUAGE_STANDARD = "gnu++14";
				CLANG_CXX_LIBRARY = "libc++";
				CLANG_ENABLE_MODULES = YES;
				CLANG_ENABLE_OBJC_ARC = YES;
				CLANG_ENABLE_OBJC_WEAK = YES;
				CLANG_WARN_BLOCK_CAPTURE_AUTORELEASING = YES;
				CLANG_WARN_BOOL_CONVERSION = YES;
				CLANG_WARN_COMMA = YES;
				CLANG_WARN_CONSTANT_CONVERSION = YES;
				CLANG_WARN_DEPRECATED_OBJC_IMPLEMENTATIONS = YES;
				CLANG_WARN_DIRECT_OBJC_ISA_USAGE = YES_ERROR;
				CLANG_WARN_DOCUMENTATION_COMMENTS = YES;
				CLANG_WARN_EMPTY_BODY = YES;
				CLANG_WARN_ENUM_CONVERSION = YES;
				CLANG_WARN_INFINITE_RECURSION = YES;
				CLANG_WARN_INT_CONVERSION = YES;
				CLANG_WARN_NON_LITERAL_NULL_CONVERSION = YES;
				CLANG_WARN_OBJC_IMPLICIT_RETAIN_SELF = YES;
				CLANG_WARN_OBJC_LITERAL_CONVERSION = YES;
				CLANG_WARN_OBJC_ROOT_CLASS = YES_ERROR;
				CLANG_WARN_RANGE_LOOP_ANALYSIS = YES;
				CLANG_WARN_STRICT_PROTOTYPES = YES;
				CLANG_WARN_SUSPICIOUS_MOVE = YES;
				CLANG_WARN_UNGUARDED_AVAILABILITY = YES_AGGRESSIVE;
				CLANG_WARN_UNREACHABLE_CODE = YES;
				CLANG_WARN__DUPLICATE_METHOD_MATCH = YES;
				COPY_PHASE_STRIP = NO;
				DEBUG_INFORMATION_FORMAT = dwarf;
				ENABLE_STRICT_OBJC_MSGSEND = YES;
				ENABLE_TESTABILITY = YES;
				GCC_C_LANGUAGE_STANDARD = gnu11;
				GCC_DYNAMIC_NO_PIC = NO;
				GCC_NO_COMMON_BLOCKS = YES;
				GCC_OPTIMIZATION_LEVEL = 0;
				GCC_PREPROCESSOR_DEFINITIONS = (
					"DEBUG=1",
					"$(inherited)",
				);
				GCC_WARN_64_TO_32_BIT_CONVERSION = YES;
				GCC_WARN_ABOUT_RETURN_TYPE = YES_ERROR;
				GCC_WARN_UNDECLARED_SELECTOR = YES;
				GCC_WARN_UNINITIALIZED_AUTOS = YES_AGGRESSIVE;
				GCC_WARN_UNUSED_FUNCTION = YES;
				GCC_WARN_UNUSED_VARIABLE = YES;
				IPHONEOS_DEPLOYMENT_TARGET = 13.0;
				MTL_ENABLE_DEBUG_INFO = INCLUDE_SOURCE;
				MTL_FAST_MATH = YES;
				ONLY_ACTIVE_ARCH = YES;
				SDKROOT = iphoneos;
				SWIFT_ACTIVE_COMPILATION_CONDITIONS = DEBUG;
				SWIFT_OPTIMIZATION_LEVEL = "-Onone";
			};
			name = Debug;
		};
		B6A00F0923637435005D7C9B /* Release */ = {
			isa = XCBuildConfiguration;
			buildSettings = {
				ALWAYS_SEARCH_USER_PATHS = NO;
				CLANG_ANALYZER_NONNULL = YES;
				CLANG_ANALYZER_NUMBER_OBJECT_CONVERSION = YES_AGGRESSIVE;
				CLANG_CXX_LANGUAGE_STANDARD = "gnu++14";
				CLANG_CXX_LIBRARY = "libc++";
				CLANG_ENABLE_MODULES = YES;
				CLANG_ENABLE_OBJC_ARC = YES;
				CLANG_ENABLE_OBJC_WEAK = YES;
				CLANG_WARN_BLOCK_CAPTURE_AUTORELEASING = YES;
				CLANG_WARN_BOOL_CONVERSION = YES;
				CLANG_WARN_COMMA = YES;
				CLANG_WARN_CONSTANT_CONVERSION = YES;
				CLANG_WARN_DEPRECATED_OBJC_IMPLEMENTATIONS = YES;
				CLANG_WARN_DIRECT_OBJC_ISA_USAGE = YES_ERROR;
				CLANG_WARN_DOCUMENTATION_COMMENTS = YES;
				CLANG_WARN_EMPTY_BODY = YES;
				CLANG_WARN_ENUM_CONVERSION = YES;
				CLANG_WARN_INFINITE_RECURSION = YES;
				CLANG_WARN_INT_CONVERSION = YES;
				CLANG_WARN_NON_LITERAL_NULL_CONVERSION = YES;
				CLANG_WARN_OBJC_IMPLICIT_RETAIN_SELF = YES;
				CLANG_WARN_OBJC_LITERAL_CONVERSION = YES;
				CLANG_WARN_OBJC_ROOT_CLASS = YES_ERROR;
				CLANG_WARN_RANGE_LOOP_ANALYSIS = YES;
				CLANG_WARN_STRICT_PROTOTYPES = YES;
				CLANG_WARN_SUSPICIOUS_MOVE = YES;
				CLANG_WARN_UNGUARDED_AVAILABILITY = YES_AGGRESSIVE;
				CLANG_WARN_UNREACHABLE_CODE = YES;
				CLANG_WARN__DUPLICATE_METHOD_MATCH = YES;
				COPY_PHASE_STRIP = NO;
				DEBUG_INFORMATION_FORMAT = "dwarf-with-dsym";
				ENABLE_NS_ASSERTIONS = NO;
				ENABLE_STRICT_OBJC_MSGSEND = YES;
				GCC_C_LANGUAGE_STANDARD = gnu11;
				GCC_NO_COMMON_BLOCKS = YES;
				GCC_WARN_64_TO_32_BIT_CONVERSION = YES;
				GCC_WARN_ABOUT_RETURN_TYPE = YES_ERROR;
				GCC_WARN_UNDECLARED_SELECTOR = YES;
				GCC_WARN_UNINITIALIZED_AUTOS = YES_AGGRESSIVE;
				GCC_WARN_UNUSED_FUNCTION = YES;
				GCC_WARN_UNUSED_VARIABLE = YES;
				IPHONEOS_DEPLOYMENT_TARGET = 13.0;
				MTL_ENABLE_DEBUG_INFO = NO;
				MTL_FAST_MATH = YES;
				SDKROOT = iphoneos;
				SWIFT_COMPILATION_MODE = wholemodule;
				SWIFT_OPTIMIZATION_LEVEL = "-O";
				VALIDATE_PRODUCT = YES;
			};
			name = Release;
		};
		B6A00F0B23637435005D7C9B /* Debug */ = {
			isa = XCBuildConfiguration;
			buildSettings = {
				ASSETCATALOG_COMPILER_APPICON_NAME = AppIcon;
				CODE_SIGN_STYLE = Automatic;
				DEVELOPMENT_TEAM = 76SSJSDS8C;
				INFOPLIST_FILE = WeatherApp/Info.plist;
				LD_RUNPATH_SEARCH_PATHS = (
					"$(inherited)",
					"@executable_path/Frameworks",
				);
				PRODUCT_BUNDLE_IDENTIFIER = com.proximie.WeatherApp;
				PRODUCT_NAME = "$(TARGET_NAME)";
				SWIFT_VERSION = 5.0;
				TARGETED_DEVICE_FAMILY = 1;
			};
			name = Debug;
		};
		B6A00F0C23637435005D7C9B /* Release */ = {
			isa = XCBuildConfiguration;
			buildSettings = {
				ASSETCATALOG_COMPILER_APPICON_NAME = AppIcon;
				CODE_SIGN_STYLE = Automatic;
				DEVELOPMENT_TEAM = 76SSJSDS8C;
				INFOPLIST_FILE = WeatherApp/Info.plist;
				LD_RUNPATH_SEARCH_PATHS = (
					"$(inherited)",
					"@executable_path/Frameworks",
				);
				PRODUCT_BUNDLE_IDENTIFIER = com.proximie.WeatherApp;
				PRODUCT_NAME = "$(TARGET_NAME)";
				SWIFT_VERSION = 5.0;
				TARGETED_DEVICE_FAMILY = 1;
			};
			name = Release;
		};
		B6A00F0E23637435005D7C9B /* Debug */ = {
			isa = XCBuildConfiguration;
			buildSettings = {
				ALWAYS_EMBED_SWIFT_STANDARD_LIBRARIES = YES;
				BUNDLE_LOADER = "$(TEST_HOST)";
				CODE_SIGN_STYLE = Automatic;
				DEVELOPMENT_TEAM = 76SSJSDS8C;
				INFOPLIST_FILE = WeatherAppTests/Info.plist;
				IPHONEOS_DEPLOYMENT_TARGET = 13.0;
				LD_RUNPATH_SEARCH_PATHS = (
					"$(inherited)",
					"@executable_path/Frameworks",
					"@loader_path/Frameworks",
				);
				PRODUCT_BUNDLE_IDENTIFIER = com.proximie.WeatherAppTests;
				PRODUCT_NAME = "$(TARGET_NAME)";
				SWIFT_VERSION = 5.0;
				TARGETED_DEVICE_FAMILY = "1,2";
				TEST_HOST = "$(BUILT_PRODUCTS_DIR)/WeatherApp.app/WeatherApp";
			};
			name = Debug;
		};
		B6A00F0F23637435005D7C9B /* Release */ = {
			isa = XCBuildConfiguration;
			buildSettings = {
				ALWAYS_EMBED_SWIFT_STANDARD_LIBRARIES = YES;
				BUNDLE_LOADER = "$(TEST_HOST)";
				CODE_SIGN_STYLE = Automatic;
				DEVELOPMENT_TEAM = 76SSJSDS8C;
				INFOPLIST_FILE = WeatherAppTests/Info.plist;
				IPHONEOS_DEPLOYMENT_TARGET = 13.0;
				LD_RUNPATH_SEARCH_PATHS = (
					"$(inherited)",
					"@executable_path/Frameworks",
					"@loader_path/Frameworks",
				);
				PRODUCT_BUNDLE_IDENTIFIER = com.proximie.WeatherAppTests;
				PRODUCT_NAME = "$(TARGET_NAME)";
				SWIFT_VERSION = 5.0;
				TARGETED_DEVICE_FAMILY = "1,2";
				TEST_HOST = "$(BUILT_PRODUCTS_DIR)/WeatherApp.app/WeatherApp";
			};
			name = Release;
		};
		B6A00F1123637435005D7C9B /* Debug */ = {
			isa = XCBuildConfiguration;
			buildSettings = {
				ALWAYS_EMBED_SWIFT_STANDARD_LIBRARIES = YES;
				CODE_SIGN_STYLE = Automatic;
				DEVELOPMENT_TEAM = 76SSJSDS8C;
				INFOPLIST_FILE = WeatherAppUITests/Info.plist;
				LD_RUNPATH_SEARCH_PATHS = (
					"$(inherited)",
					"@executable_path/Frameworks",
					"@loader_path/Frameworks",
				);
				PRODUCT_BUNDLE_IDENTIFIER = com.proximie.WeatherAppUITests;
				PRODUCT_NAME = "$(TARGET_NAME)";
				SWIFT_VERSION = 5.0;
				TARGETED_DEVICE_FAMILY = "1,2";
				TEST_TARGET_NAME = WeatherApp;
			};
			name = Debug;
		};
		B6A00F1223637435005D7C9B /* Release */ = {
			isa = XCBuildConfiguration;
			buildSettings = {
				ALWAYS_EMBED_SWIFT_STANDARD_LIBRARIES = YES;
				CODE_SIGN_STYLE = Automatic;
				DEVELOPMENT_TEAM = 76SSJSDS8C;
				INFOPLIST_FILE = WeatherAppUITests/Info.plist;
				LD_RUNPATH_SEARCH_PATHS = (
					"$(inherited)",
					"@executable_path/Frameworks",
					"@loader_path/Frameworks",
				);
				PRODUCT_BUNDLE_IDENTIFIER = com.proximie.WeatherAppUITests;
				PRODUCT_NAME = "$(TARGET_NAME)";
				SWIFT_VERSION = 5.0;
				TARGETED_DEVICE_FAMILY = "1,2";
				TEST_TARGET_NAME = WeatherApp;
			};
			name = Release;
		};
/* End XCBuildConfiguration section */

/* Begin XCConfigurationList section */
		B6A00EDB23637433005D7C9B /* Build configuration list for PBXProject "WeatherApp" */ = {
			isa = XCConfigurationList;
			buildConfigurations = (
				B6A00F0823637435005D7C9B /* Debug */,
				B6A00F0923637435005D7C9B /* Release */,
			);
			defaultConfigurationIsVisible = 0;
			defaultConfigurationName = Release;
		};
		B6A00F0A23637435005D7C9B /* Build configuration list for PBXNativeTarget "WeatherApp" */ = {
			isa = XCConfigurationList;
			buildConfigurations = (
				B6A00F0B23637435005D7C9B /* Debug */,
				B6A00F0C23637435005D7C9B /* Release */,
			);
			defaultConfigurationIsVisible = 0;
			defaultConfigurationName = Release;
		};
		B6A00F0D23637435005D7C9B /* Build configuration list for PBXNativeTarget "WeatherAppTests" */ = {
			isa = XCConfigurationList;
			buildConfigurations = (
				B6A00F0E23637435005D7C9B /* Debug */,
				B6A00F0F23637435005D7C9B /* Release */,
			);
			defaultConfigurationIsVisible = 0;
			defaultConfigurationName = Release;
		};
		B6A00F1023637435005D7C9B /* Build configuration list for PBXNativeTarget "WeatherAppUITests" */ = {
			isa = XCConfigurationList;
			buildConfigurations = (
				B6A00F1123637435005D7C9B /* Debug */,
				B6A00F1223637435005D7C9B /* Release */,
			);
			defaultConfigurationIsVisible = 0;
			defaultConfigurationName = Release;
		};
/* End XCConfigurationList section */
	};
	rootObject = B6A00ED823637433005D7C9B /* Project object */;
}
